
Microsoft Visual Studio Solution File, Format Version 12.00
# Visual Studio Version 16
VisualStudioVersion = 16.0.29411.108
MinimumVisualStudioVersion = 10.0.40219.1
Project("{FAE04EC0-301F-11D3-BF4B-00C04F79EFBC}") = "AnkiOchAilesKlimatAPP", "AnkiOchAilesKlimatAPP\AnkiOchAilesKlimatAPP.csproj", "{02FD0E75-9DF8-4274-9156-466CF8C00C49}"
EndProject
Global
	GlobalSection(SolutionConfigurationPlatforms) = preSolution
		Debug|Any CPU = Debug|Any CPU
		Release|Any CPU = Release|Any CPU
	EndGlobalSection
	GlobalSection(ProjectConfigurationPlatforms) = postSolution
		{02FD0E75-9DF8-4274-9156-466CF8C00C49}.Debug|Any CPU.ActiveCfg = Debug|Any CPU
		{02FD0E75-9DF8-4274-9156-466CF8C00C49}.Debug|Any CPU.Build.0 = Debug|Any CPU
		{02FD0E75-9DF8-4274-9156-466CF8C00C49}.Release|Any CPU.ActiveCfg = Release|Any CPU
		{02FD0E75-9DF8-4274-9156-466CF8C00C49}.Release|Any CPU.Build.0 = Release|Any CPU
	EndGlobalSection
	GlobalSection(SolutionProperties) = preSolution
		HideSolutionNode = FALSE
	EndGlobalSection
	GlobalSection(ExtensibilityGlobals) = postSolution
		SolutionGuid = {095A7F50-1277-43CF-BF3C-274C76D1B7DF}
	EndGlobalSection
EndGlobal
